
Microsoft Visual Studio Solution File, Format Version 12.00
# Visual Studio Version 16
VisualStudioVersion = 16.0.30621.155
MinimumVisualStudioVersion = 10.0.40219.1
Project("{FAE04EC0-301F-11D3-BF4B-00C04F79EFBC}") = "rockPaperScissors", "rockPaperScissors\rockPaperScissors.csproj", "{58FDED5D-CA13-40FE-9F1A-BAF3F4DC1E55}"
EndProject
Global
	GlobalSection(SolutionConfigurationPlatforms) = preSolution
		Debug|Any CPU = Debug|Any CPU
		Release|Any CPU = Release|Any CPU
	EndGlobalSection
	GlobalSection(ProjectConfigurationPlatforms) = postSolution
		{58FDED5D-CA13-40FE-9F1A-BAF3F4DC1E55}.Debug|Any CPU.ActiveCfg = Debug|Any CPU
		{58FDED5D-CA13-40FE-9F1A-BAF3F4DC1E55}.Debug|Any CPU.Build.0 = Debug|Any CPU
		{58FDED5D-CA13-40FE-9F1A-BAF3F4DC1E55}.Release|Any CPU.ActiveCfg = Release|Any CPU
		{58FDED5D-CA13-40FE-9F1A-BAF3F4DC1E55}.Release|Any CPU.Build.0 = Release|Any CPU
	EndGlobalSection
	GlobalSection(SolutionProperties) = preSolution
		HideSolutionNode = FALSE
	EndGlobalSection
	GlobalSection(ExtensibilityGlobals) = postSolution
		SolutionGuid = {A7262EA8-9DD2-4198-8F53-9330DE9B3F9B}
	EndGlobalSection
EndGlobal
